
Microsoft Visual Studio Solution File, Format Version 12.00
# Visual Studio Version 16
VisualStudioVersion = 16.0.29709.97
MinimumVisualStudioVersion = 10.0.40219.1
Project("{FAE04EC0-301F-11D3-BF4B-00C04F79EFBC}") = "DemoApiService", "DemoApiService\DemoApiService.csproj", "{91B27CD7-361A-42B2-BC49-869D19706F9A}"
EndProject
Global
	GlobalSection(SolutionConfigurationPlatforms) = preSolution
		Debug|Any CPU = Debug|Any CPU
		Release|Any CPU = Release|Any CPU
	EndGlobalSection
	GlobalSection(ProjectConfigurationPlatforms) = postSolution
		{91B27CD7-361A-42B2-BC49-869D19706F9A}.Debug|Any CPU.ActiveCfg = Debug|Any CPU
		{91B27CD7-361A-42B2-BC49-869D19706F9A}.Debug|Any CPU.Build.0 = Debug|Any CPU
		{91B27CD7-361A-42B2-BC49-869D19706F9A}.Release|Any CPU.ActiveCfg = Release|Any CPU
		{91B27CD7-361A-42B2-BC49-869D19706F9A}.Release|Any CPU.Build.0 = Release|Any CPU
	EndGlobalSection
	GlobalSection(SolutionProperties) = preSolution
		HideSolutionNode = FALSE
	EndGlobalSection
	GlobalSection(ExtensibilityGlobals) = postSolution
		SolutionGuid = {11D0C3DD-567D-4323-8E2E-78770F560AE9}
	EndGlobalSection
EndGlobal
